
Microsoft Visual Studio Solution File, Format Version 12.00
# Visual Studio Version 17
VisualStudioVersion = 17.9.34723.18
MinimumVisualStudioVersion = 10.0.40219.1
Project("{9A19103F-16F7-4668-BE54-9A1E7A4F7556}") = "Task_PinCodes", "Task_PinCodes\Task_PinCodes.csproj", "{4CE8A330-E53C-46E5-B637-889D6DFD2D29}"
EndProject
Project("{9A19103F-16F7-4668-BE54-9A1E7A4F7556}") = "Task_LetterCombinations", "Task_LetterCombinations\Task_LetterCombinations.csproj", "{15A6F2C5-8207-4F0B-809B-C88528829957}"
EndProject
Project("{9A19103F-16F7-4668-BE54-9A1E7A4F7556}") = "Task_FindCombinations", "Task_FindCombinations\Task_FindCombinations.csproj", "{BE4C7447-8BD3-42A3-897E-60A044575B60}"
EndProject
Project("{FAE04EC0-301F-11D3-BF4B-00C04F79EFBC}") = "Task_VowelsCount", "Task_VowelsCount\Task_VowelsCount.csproj", "{FEC02E5A-938F-47BE-970B-89491308161A}"
EndProject
Global
	GlobalSection(SolutionConfigurationPlatforms) = preSolution
		Debug|Any CPU = Debug|Any CPU
		Release|Any CPU = Release|Any CPU
	EndGlobalSection
	GlobalSection(ProjectConfigurationPlatforms) = postSolution
		{4CE8A330-E53C-46E5-B637-889D6DFD2D29}.Debug|Any CPU.ActiveCfg = Debug|Any CPU
		{4CE8A330-E53C-46E5-B637-889D6DFD2D29}.Debug|Any CPU.Build.0 = Debug|Any CPU
		{4CE8A330-E53C-46E5-B637-889D6DFD2D29}.Release|Any CPU.ActiveCfg = Release|Any CPU
		{4CE8A330-E53C-46E5-B637-889D6DFD2D29}.Release|Any CPU.Build.0 = Release|Any CPU
		{15A6F2C5-8207-4F0B-809B-C88528829957}.Debug|Any CPU.ActiveCfg = Debug|Any CPU
		{15A6F2C5-8207-4F0B-809B-C88528829957}.Debug|Any CPU.Build.0 = Debug|Any CPU
		{15A6F2C5-8207-4F0B-809B-C88528829957}.Release|Any CPU.ActiveCfg = Release|Any CPU
		{15A6F2C5-8207-4F0B-809B-C88528829957}.Release|Any CPU.Build.0 = Release|Any CPU
		{BE4C7447-8BD3-42A3-897E-60A044575B60}.Debug|Any CPU.ActiveCfg = Debug|Any CPU
		{BE4C7447-8BD3-42A3-897E-60A044575B60}.Debug|Any CPU.Build.0 = Debug|Any CPU
		{BE4C7447-8BD3-42A3-897E-60A044575B60}.Release|Any CPU.ActiveCfg = Release|Any CPU
		{BE4C7447-8BD3-42A3-897E-60A044575B60}.Release|Any CPU.Build.0 = Release|Any CPU
		{FEC02E5A-938F-47BE-970B-89491308161A}.Debug|Any CPU.ActiveCfg = Debug|Any CPU
		{FEC02E5A-938F-47BE-970B-89491308161A}.Debug|Any CPU.Build.0 = Debug|Any CPU
		{FEC02E5A-938F-47BE-970B-89491308161A}.Release|Any CPU.ActiveCfg = Release|Any CPU
		{FEC02E5A-938F-47BE-970B-89491308161A}.Release|Any CPU.Build.0 = Release|Any CPU
	EndGlobalSection
	GlobalSection(SolutionProperties) = preSolution
		HideSolutionNode = FALSE
	EndGlobalSection
	GlobalSection(ExtensibilityGlobals) = postSolution
		SolutionGuid = {C4B47154-D388-4FD6-87D3-D8484114D2E5}
	EndGlobalSection
EndGlobal
