
Microsoft Visual Studio Solution File, Format Version 12.00
# Visual Studio Version 17
VisualStudioVersion = 17.9.34723.18
MinimumVisualStudioVersion = 10.0.40219.1
Project("{9A19103F-16F7-4668-BE54-9A1E7A4F7556}") = "Task_MatchDates", "Task_MatchDates\Task_MatchDates.csproj", "{721F1860-FA6C-4703-8034-336D535A7D34}"
EndProject
Project("{9A19103F-16F7-4668-BE54-9A1E7A4F7556}") = "Task_RemoveWordFromText", "Task_RemoveWordFromText\Task_RemoveWordFromText.csproj", "{F273A167-C2D4-4F27-AA2F-F176239E7709}"
EndProject
Project("{FAE04EC0-301F-11D3-BF4B-00C04F79EFBC}") = "Task_ClassifyCharacters", "Task_ClassifyCharacters\Task_ClassifyCharacters.csproj", "{656B0ADA-CEE2-4CD6-A117-F4D233A65A5D}"
EndProject
Global
	GlobalSection(SolutionConfigurationPlatforms) = preSolution
		Debug|Any CPU = Debug|Any CPU
		Release|Any CPU = Release|Any CPU
	EndGlobalSection
	GlobalSection(ProjectConfigurationPlatforms) = postSolution
		{721F1860-FA6C-4703-8034-336D535A7D34}.Debug|Any CPU.ActiveCfg = Debug|Any CPU
		{721F1860-FA6C-4703-8034-336D535A7D34}.Debug|Any CPU.Build.0 = Debug|Any CPU
		{721F1860-FA6C-4703-8034-336D535A7D34}.Release|Any CPU.ActiveCfg = Release|Any CPU
		{721F1860-FA6C-4703-8034-336D535A7D34}.Release|Any CPU.Build.0 = Release|Any CPU
		{F273A167-C2D4-4F27-AA2F-F176239E7709}.Debug|Any CPU.ActiveCfg = Debug|Any CPU
		{F273A167-C2D4-4F27-AA2F-F176239E7709}.Debug|Any CPU.Build.0 = Debug|Any CPU
		{F273A167-C2D4-4F27-AA2F-F176239E7709}.Release|Any CPU.ActiveCfg = Release|Any CPU
		{F273A167-C2D4-4F27-AA2F-F176239E7709}.Release|Any CPU.Build.0 = Release|Any CPU
		{656B0ADA-CEE2-4CD6-A117-F4D233A65A5D}.Debug|Any CPU.ActiveCfg = Debug|Any CPU
		{656B0ADA-CEE2-4CD6-A117-F4D233A65A5D}.Debug|Any CPU.Build.0 = Debug|Any CPU
		{656B0ADA-CEE2-4CD6-A117-F4D233A65A5D}.Release|Any CPU.ActiveCfg = Release|Any CPU
		{656B0ADA-CEE2-4CD6-A117-F4D233A65A5D}.Release|Any CPU.Build.0 = Release|Any CPU
	EndGlobalSection
	GlobalSection(SolutionProperties) = preSolution
		HideSolutionNode = FALSE
	EndGlobalSection
	GlobalSection(ExtensibilityGlobals) = postSolution
		SolutionGuid = {C4B47154-D388-4FD6-87D3-D8484114D2E5}
	EndGlobalSection
EndGlobal
